
Microsoft Visual Studio Solution File, Format Version 12.00
# Visual Studio Version 16
VisualStudioVersion = 16.0.30907.101
MinimumVisualStudioVersion = 10.0.40219.1
Project("{FAE04EC0-301F-11D3-BF4B-00C04F79EFBC}") = "Shellzone", "Shellzone\Shellzone.csproj", "{490949DA-4A62-4C8B-89F8-86CB8D9FF0EA}"
EndProject
Global
	GlobalSection(SolutionConfigurationPlatforms) = preSolution
		Debug|Any CPU = Debug|Any CPU
		Release|Any CPU = Release|Any CPU
	EndGlobalSection
	GlobalSection(ProjectConfigurationPlatforms) = postSolution
		{490949DA-4A62-4C8B-89F8-86CB8D9FF0EA}.Debug|Any CPU.ActiveCfg = Debug|Any CPU
		{490949DA-4A62-4C8B-89F8-86CB8D9FF0EA}.Debug|Any CPU.Build.0 = Debug|Any CPU
		{490949DA-4A62-4C8B-89F8-86CB8D9FF0EA}.Release|Any CPU.ActiveCfg = Release|Any CPU
		{490949DA-4A62-4C8B-89F8-86CB8D9FF0EA}.Release|Any CPU.Build.0 = Release|Any CPU
	EndGlobalSection
	GlobalSection(SolutionProperties) = preSolution
		HideSolutionNode = FALSE
	EndGlobalSection
	GlobalSection(ExtensibilityGlobals) = postSolution
		SolutionGuid = {B3264BC4-DF92-4B20-A9CB-C58E018B7D63}
	EndGlobalSection
EndGlobal
